
Microsoft Visual Studio Solution File, Format Version 12.00
# Visual Studio Version 16
VisualStudioVersion = 16.0.31911.196
MinimumVisualStudioVersion = 10.0.40219.1
Project("{9A19103F-16F7-4668-BE54-9A1E7A4F7556}") = "Course", "Course\Course.csproj", "{4118D6AE-64BC-4212-B73F-319956A666BD}"
EndProject
Project("{9A19103F-16F7-4668-BE54-9A1E7A4F7556}") = "Exercicio_fixacao_Enumeracoes_e_Composicao", "Exercicio_fixacao_Enumeracoes_e_Composicao\Exercicio_fixacao_Enumeracoes_e_Composicao.csproj", "{0304B031-7D12-4BF8-AFAD-59CD33703066}"
EndProject
Project("{9A19103F-16F7-4668-BE54-9A1E7A4F7556}") = "Exemplo_usando_Enumeracoes_e_Composicao", "Exemplo_usando_Enumeracoes_e_Composicao\Exemplo_usando_Enumeracoes_e_Composicao.csproj", "{5C8A52CF-2831-42D6-8109-E40FC28D0ECA}"
EndProject
Project("{9A19103F-16F7-4668-BE54-9A1E7A4F7556}") = "Exemplo_usando_StringBuilder", "Exemplo_usando_StringBuilder\Exemplo_usando_StringBuilder.csproj", "{069D45B1-8CE1-4DA5-92D3-430EE872FF57}"
EndProject
Project("{9A19103F-16F7-4668-BE54-9A1E7A4F7556}") = "Heranca_e_Polimorfismo", "Heranca_e_Polimorfismo\Heranca_e_Polimorfismo.csproj", "{D89A3FC4-808F-42AB-8416-E674D65DD82F}"
EndProject
Project("{9A19103F-16F7-4668-BE54-9A1E7A4F7556}") = "Exemplo_usando_Heranca_e_Polimorfismo", "Exemplo_usando_Heranca_e_Polimorfismo\Exemplo_usando_Heranca_e_Polimorfismo.csproj", "{2E7404D2-DDAF-4D79-B889-96B46710CBD1}"
EndProject
Project("{9A19103F-16F7-4668-BE54-9A1E7A4F7556}") = "Exercicio_fixacao_Heranca_e_Polimorfismo", "Exercicio_fixacao_Heranca_e_Polimorfismo\Exercicio_fixacao_Heranca_e_Polimorfismo.csproj", "{31DA67CE-62C7-4E1F-A6AC-3D7D9EDEDB12}"
EndProject
Project("{9A19103F-16F7-4668-BE54-9A1E7A4F7556}") = "Exemplo_usando_Metodos_Abstratos", "Exemplo_usando_Metodos_Abstratos\Exemplo_usando_Metodos_Abstratos.csproj", "{87134E6A-8B57-43AB-9628-E4CEB890C47B}"
EndProject
Project("{9A19103F-16F7-4668-BE54-9A1E7A4F7556}") = "Exercicio_fixacao_Metodos_Abstratos", "Exercicio_fixacao_Metodos_Abstratos\Exercicio_fixacao_Metodos_Abstratos.csproj", "{3C2492B4-CCBB-4B41-BE6B-A35CCD754726}"
EndProject
Project("{9A19103F-16F7-4668-BE54-9A1E7A4F7556}") = "Exemplo_usando_Tratamento_de_Excecoes", "Exemplo_usando_Tratamento_de_Excecoes\Exemplo_usando_Tratamento_de_Excecoes.csproj", "{083236F2-615E-47C4-BBA9-174C4D241213}"
EndProject
Project("{9A19103F-16F7-4668-BE54-9A1E7A4F7556}") = "Exercicio_fixacao_Tratamento_de_Excecao", "Exercicio_fixacao_Tratamento_de_Excecao\Exercicio_fixacao_Tratamento_de_Excecao.csproj", "{51C0F5A9-48D9-4935-AAF1-9B64576852CE}"
EndProject
Project("{9A19103F-16F7-4668-BE54-9A1E7A4F7556}") = "Exercicio_fixacao_Manipulacao_de_Arquivos", "Exercicio_fixacao_Manipulacao_de_Arquivos\Exercicio_fixacao_Manipulacao_de_Arquivos.csproj", "{B51E5742-E4A8-498E-BD79-31365B36E27E}"
EndProject
Project("{9A19103F-16F7-4668-BE54-9A1E7A4F7556}") = "Exemplo_de_solucao_sem_Interface", "Exemplo_de_solucao_sem_Interface\Exemplo_de_solucao_sem_Interface.csproj", "{8782BE6E-DDF4-4F17-B11A-81C0FBC17E35}"
EndProject
Project("{9A19103F-16F7-4668-BE54-9A1E7A4F7556}") = "Exercicio_fixacao_Interface", "Exercicio_fixacao_Interface\Exercicio_fixacao_Interface.csproj", "{77E87A59-9014-4662-AD0B-7C005B8D68F6}"
EndProject
Project("{9A19103F-16F7-4668-BE54-9A1E7A4F7556}") = "Exemplo_Herdar_vs_cumprir_Contrato", "Exemplo_Herdar_vs_cumprir_Contrato\Exemplo_Herdar_vs_cumprir_Contrato.csproj", "{78C6F742-CDD9-49C1-AF8D-7789058E18CE}"
EndProject
Project("{9A19103F-16F7-4668-BE54-9A1E7A4F7556}") = "Exemplo_Heranca_multipla_e_problema_diamante", "Exemplo_Heranca_multipla_e_problema_diamante\Exemplo_Heranca_multipla_e_problema_diamante.csproj", "{BBDE7D76-B2F2-44A2-BF34-EC33E6923291}"
EndProject
Project("{9A19103F-16F7-4668-BE54-9A1E7A4F7556}") = "Exemplo_usando_Interface_IComparable", "Exemplo_usando_Interface_IComparable\Exemplo_usando_Interface_IComparable.csproj", "{3433998B-D63A-4940-A6A7-2F61B9D8CCDC}"
EndProject
Project("{FAE04EC0-301F-11D3-BF4B-00C04F79EFBC}") = "Exemplo_usando_Generics", "Exemplo_usando_Generics\Exemplo_usando_Generics.csproj", "{14D986F9-4565-443E-BD68-4271EF33E058}"
EndProject
Global
	GlobalSection(SolutionConfigurationPlatforms) = preSolution
		Debug|Any CPU = Debug|Any CPU
		Release|Any CPU = Release|Any CPU
	EndGlobalSection
	GlobalSection(ProjectConfigurationPlatforms) = postSolution
		{4118D6AE-64BC-4212-B73F-319956A666BD}.Debug|Any CPU.ActiveCfg = Debug|Any CPU
		{4118D6AE-64BC-4212-B73F-319956A666BD}.Debug|Any CPU.Build.0 = Debug|Any CPU
		{4118D6AE-64BC-4212-B73F-319956A666BD}.Release|Any CPU.ActiveCfg = Release|Any CPU
		{4118D6AE-64BC-4212-B73F-319956A666BD}.Release|Any CPU.Build.0 = Release|Any CPU
		{0304B031-7D12-4BF8-AFAD-59CD33703066}.Debug|Any CPU.ActiveCfg = Debug|Any CPU
		{0304B031-7D12-4BF8-AFAD-59CD33703066}.Debug|Any CPU.Build.0 = Debug|Any CPU
		{0304B031-7D12-4BF8-AFAD-59CD33703066}.Release|Any CPU.ActiveCfg = Release|Any CPU
		{0304B031-7D12-4BF8-AFAD-59CD33703066}.Release|Any CPU.Build.0 = Release|Any CPU
		{5C8A52CF-2831-42D6-8109-E40FC28D0ECA}.Debug|Any CPU.ActiveCfg = Debug|Any CPU
		{5C8A52CF-2831-42D6-8109-E40FC28D0ECA}.Debug|Any CPU.Build.0 = Debug|Any CPU
		{5C8A52CF-2831-42D6-8109-E40FC28D0ECA}.Release|Any CPU.ActiveCfg = Release|Any CPU
		{5C8A52CF-2831-42D6-8109-E40FC28D0ECA}.Release|Any CPU.Build.0 = Release|Any CPU
		{069D45B1-8CE1-4DA5-92D3-430EE872FF57}.Debug|Any CPU.ActiveCfg = Debug|Any CPU
		{069D45B1-8CE1-4DA5-92D3-430EE872FF57}.Debug|Any CPU.Build.0 = Debug|Any CPU
		{069D45B1-8CE1-4DA5-92D3-430EE872FF57}.Release|Any CPU.ActiveCfg = Release|Any CPU
		{069D45B1-8CE1-4DA5-92D3-430EE872FF57}.Release|Any CPU.Build.0 = Release|Any CPU
		{D89A3FC4-808F-42AB-8416-E674D65DD82F}.Debug|Any CPU.ActiveCfg = Debug|Any CPU
		{D89A3FC4-808F-42AB-8416-E674D65DD82F}.Debug|Any CPU.Build.0 = Debug|Any CPU
		{D89A3FC4-808F-42AB-8416-E674D65DD82F}.Release|Any CPU.ActiveCfg = Release|Any CPU
		{D89A3FC4-808F-42AB-8416-E674D65DD82F}.Release|Any CPU.Build.0 = Release|Any CPU
		{2E7404D2-DDAF-4D79-B889-96B46710CBD1}.Debug|Any CPU.ActiveCfg = Debug|Any CPU
		{2E7404D2-DDAF-4D79-B889-96B46710CBD1}.Debug|Any CPU.Build.0 = Debug|Any CPU
		{2E7404D2-DDAF-4D79-B889-96B46710CBD1}.Release|Any CPU.ActiveCfg = Release|Any CPU
		{2E7404D2-DDAF-4D79-B889-96B46710CBD1}.Release|Any CPU.Build.0 = Release|Any CPU
		{31DA67CE-62C7-4E1F-A6AC-3D7D9EDEDB12}.Debug|Any CPU.ActiveCfg = Debug|Any CPU
		{31DA67CE-62C7-4E1F-A6AC-3D7D9EDEDB12}.Debug|Any CPU.Build.0 = Debug|Any CPU
		{31DA67CE-62C7-4E1F-A6AC-3D7D9EDEDB12}.Release|Any CPU.ActiveCfg = Release|Any CPU
		{31DA67CE-62C7-4E1F-A6AC-3D7D9EDEDB12}.Release|Any CPU.Build.0 = Release|Any CPU
		{87134E6A-8B57-43AB-9628-E4CEB890C47B}.Debug|Any CPU.ActiveCfg = Debug|Any CPU
		{87134E6A-8B57-43AB-9628-E4CEB890C47B}.Debug|Any CPU.Build.0 = Debug|Any CPU
		{87134E6A-8B57-43AB-9628-E4CEB890C47B}.Release|Any CPU.ActiveCfg = Release|Any CPU
		{87134E6A-8B57-43AB-9628-E4CEB890C47B}.Release|Any CPU.Build.0 = Release|Any CPU
		{3C2492B4-CCBB-4B41-BE6B-A35CCD754726}.Debug|Any CPU.ActiveCfg = Debug|Any CPU
		{3C2492B4-CCBB-4B41-BE6B-A35CCD754726}.Debug|Any CPU.Build.0 = Debug|Any CPU
		{3C2492B4-CCBB-4B41-BE6B-A35CCD754726}.Release|Any CPU.ActiveCfg = Release|Any CPU
		{3C2492B4-CCBB-4B41-BE6B-A35CCD754726}.Release|Any CPU.Build.0 = Release|Any CPU
		{083236F2-615E-47C4-BBA9-174C4D241213}.Debug|Any CPU.ActiveCfg = Debug|Any CPU
		{083236F2-615E-47C4-BBA9-174C4D241213}.Debug|Any CPU.Build.0 = Debug|Any CPU
		{083236F2-615E-47C4-BBA9-174C4D241213}.Release|Any CPU.ActiveCfg = Release|Any CPU
		{083236F2-615E-47C4-BBA9-174C4D241213}.Release|Any CPU.Build.0 = Release|Any CPU
		{51C0F5A9-48D9-4935-AAF1-9B64576852CE}.Debug|Any CPU.ActiveCfg = Debug|Any CPU
		{51C0F5A9-48D9-4935-AAF1-9B64576852CE}.Debug|Any CPU.Build.0 = Debug|Any CPU
		{51C0F5A9-48D9-4935-AAF1-9B64576852CE}.Release|Any CPU.ActiveCfg = Release|Any CPU
		{51C0F5A9-48D9-4935-AAF1-9B64576852CE}.Release|Any CPU.Build.0 = Release|Any CPU
		{B51E5742-E4A8-498E-BD79-31365B36E27E}.Debug|Any CPU.ActiveCfg = Debug|Any CPU
		{B51E5742-E4A8-498E-BD79-31365B36E27E}.Debug|Any CPU.Build.0 = Debug|Any CPU
		{B51E5742-E4A8-498E-BD79-31365B36E27E}.Release|Any CPU.ActiveCfg = Release|Any CPU
		{B51E5742-E4A8-498E-BD79-31365B36E27E}.Release|Any CPU.Build.0 = Release|Any CPU
		{8782BE6E-DDF4-4F17-B11A-81C0FBC17E35}.Debug|Any CPU.ActiveCfg = Debug|Any CPU
		{8782BE6E-DDF4-4F17-B11A-81C0FBC17E35}.Debug|Any CPU.Build.0 = Debug|Any CPU
		{8782BE6E-DDF4-4F17-B11A-81C0FBC17E35}.Release|Any CPU.ActiveCfg = Release|Any CPU
		{8782BE6E-DDF4-4F17-B11A-81C0FBC17E35}.Release|Any CPU.Build.0 = Release|Any CPU
		{77E87A59-9014-4662-AD0B-7C005B8D68F6}.Debug|Any CPU.ActiveCfg = Debug|Any CPU
		{77E87A59-9014-4662-AD0B-7C005B8D68F6}.Debug|Any CPU.Build.0 = Debug|Any CPU
		{77E87A59-9014-4662-AD0B-7C005B8D68F6}.Release|Any CPU.ActiveCfg = Release|Any CPU
		{77E87A59-9014-4662-AD0B-7C005B8D68F6}.Release|Any CPU.Build.0 = Release|Any CPU
		{78C6F742-CDD9-49C1-AF8D-7789058E18CE}.Debug|Any CPU.ActiveCfg = Debug|Any CPU
		{78C6F742-CDD9-49C1-AF8D-7789058E18CE}.Debug|Any CPU.Build.0 = Debug|Any CPU
		{78C6F742-CDD9-49C1-AF8D-7789058E18CE}.Release|Any CPU.ActiveCfg = Release|Any CPU
		{78C6F742-CDD9-49C1-AF8D-7789058E18CE}.Release|Any CPU.Build.0 = Release|Any CPU
		{BBDE7D76-B2F2-44A2-BF34-EC33E6923291}.Debug|Any CPU.ActiveCfg = Debug|Any CPU
		{BBDE7D76-B2F2-44A2-BF34-EC33E6923291}.Debug|Any CPU.Build.0 = Debug|Any CPU
		{BBDE7D76-B2F2-44A2-BF34-EC33E6923291}.Release|Any CPU.ActiveCfg = Release|Any CPU
		{BBDE7D76-B2F2-44A2-BF34-EC33E6923291}.Release|Any CPU.Build.0 = Release|Any CPU
		{3433998B-D63A-4940-A6A7-2F61B9D8CCDC}.Debug|Any CPU.ActiveCfg = Debug|Any CPU
		{3433998B-D63A-4940-A6A7-2F61B9D8CCDC}.Debug|Any CPU.Build.0 = Debug|Any CPU
		{3433998B-D63A-4940-A6A7-2F61B9D8CCDC}.Release|Any CPU.ActiveCfg = Release|Any CPU
		{3433998B-D63A-4940-A6A7-2F61B9D8CCDC}.Release|Any CPU.Build.0 = Release|Any CPU
		{14D986F9-4565-443E-BD68-4271EF33E058}.Debug|Any CPU.ActiveCfg = Debug|Any CPU
		{14D986F9-4565-443E-BD68-4271EF33E058}.Debug|Any CPU.Build.0 = Debug|Any CPU
		{14D986F9-4565-443E-BD68-4271EF33E058}.Release|Any CPU.ActiveCfg = Release|Any CPU
		{14D986F9-4565-443E-BD68-4271EF33E058}.Release|Any CPU.Build.0 = Release|Any CPU
	EndGlobalSection
	GlobalSection(SolutionProperties) = preSolution
		HideSolutionNode = FALSE
	EndGlobalSection
	GlobalSection(ExtensibilityGlobals) = postSolution
		SolutionGuid = {FCD69AC7-C402-43D9-BD61-1A70802B0B98}
	EndGlobalSection
EndGlobal
